{
  "name": "storybook-addon-manual-mocks",
  "version": "1.0.4",
  "lockfileVersion": 3,
  "requires": true,
  "packages": {
    "": {
      "name": "storybook-addon-manual-mocks",
      "version": "1.0.4",
      "license": "MIT",
      "peerDependencies": {
        "vite": "*",
        "webpack": "*"
      },
      "peerDependenciesMeta": {
        "vite": {
          "optional": true
        },
        "webpack": {
          "optional": true
        }
      }
    }
  }
}
